
Microsoft Visual Studio Solution File, Format Version 12.00
# Visual Studio 15
VisualStudioVersion = 15.0.26730.16
MinimumVisualStudioVersion = 10.0.40219.1
Project("{FAE04EC0-301F-11D3-BF4B-00C04F79EFBC}") = "Coins_Bank", "Coins Bank\Coins_Bank.csproj", "{FE485B53-3758-4A4E-8A82-D31187406BED}"
EndProject
Global
	GlobalSection(SolutionConfigurationPlatforms) = preSolution
		Debug|Any CPU = Debug|Any CPU
		Release|Any CPU = Release|Any CPU
	EndGlobalSection
	GlobalSection(ProjectConfigurationPlatforms) = postSolution
		{FE485B53-3758-4A4E-8A82-D31187406BED}.Debug|Any CPU.ActiveCfg = Debug|Any CPU
		{FE485B53-3758-4A4E-8A82-D31187406BED}.Debug|Any CPU.Build.0 = Debug|Any CPU
		{FE485B53-3758-4A4E-8A82-D31187406BED}.Release|Any CPU.ActiveCfg = Release|Any CPU
		{FE485B53-3758-4A4E-8A82-D31187406BED}.Release|Any CPU.Build.0 = Release|Any CPU
	EndGlobalSection
	GlobalSection(SolutionProperties) = preSolution
		HideSolutionNode = FALSE
	EndGlobalSection
	GlobalSection(ExtensibilityGlobals) = postSolution
		SolutionGuid = {D8611DDF-7E03-47F1-A722-BD170F96ECFE}
	EndGlobalSection
EndGlobal
